
Microsoft Visual Studio Solution File, Format Version 12.00
# Visual Studio Version 16
VisualStudioVersion = 16.0.30320.27
MinimumVisualStudioVersion = 10.0.40219.1
Project("{FAE04EC0-301F-11D3-BF4B-00C04F79EFBC}") = "ASCiiConvert", "ASCiiConvert\ASCiiConvert.csproj", "{EBCA8EC9-F75E-4FD6-8F54-819961EC1823}"
EndProject
Global
	GlobalSection(SolutionConfigurationPlatforms) = preSolution
		Debug|Any CPU = Debug|Any CPU
		Release|Any CPU = Release|Any CPU
	EndGlobalSection
	GlobalSection(ProjectConfigurationPlatforms) = postSolution
		{EBCA8EC9-F75E-4FD6-8F54-819961EC1823}.Debug|Any CPU.ActiveCfg = Debug|Any CPU
		{EBCA8EC9-F75E-4FD6-8F54-819961EC1823}.Debug|Any CPU.Build.0 = Debug|Any CPU
		{EBCA8EC9-F75E-4FD6-8F54-819961EC1823}.Release|Any CPU.ActiveCfg = Release|Any CPU
		{EBCA8EC9-F75E-4FD6-8F54-819961EC1823}.Release|Any CPU.Build.0 = Release|Any CPU
	EndGlobalSection
	GlobalSection(SolutionProperties) = preSolution
		HideSolutionNode = FALSE
	EndGlobalSection
	GlobalSection(ExtensibilityGlobals) = postSolution
		SolutionGuid = {5872DD51-8A9C-495D-A3E9-1631DCEE3EDE}
	EndGlobalSection
EndGlobal
